
Microsoft Visual Studio Solution File, Format Version 12.00
# Visual Studio Version 16
VisualStudioVersion = 16.0.29709.97
MinimumVisualStudioVersion = 10.0.40219.1
Project("{9A19103F-16F7-4668-BE54-9A1E7A4F7556}") = "IdentityExample1", "IdentityExample1\IdentityExample1.csproj", "{2A1A2AA2-A324-4743-978E-785315E7F519}"
EndProject
Project("{2150E333-8FDC-42A3-9474-1A3956D46DE8}") = "Solution Items", "Solution Items", "{50EF76A6-AEEC-43F0-908A-934B5C888C07}"
	ProjectSection(SolutionItems) = preProject
		.gitignore = .gitignore
	EndProjectSection
EndProject
Global
	GlobalSection(SolutionConfigurationPlatforms) = preSolution
		Debug|Any CPU = Debug|Any CPU
		Release|Any CPU = Release|Any CPU
	EndGlobalSection
	GlobalSection(ProjectConfigurationPlatforms) = postSolution
		{2A1A2AA2-A324-4743-978E-785315E7F519}.Debug|Any CPU.ActiveCfg = Debug|Any CPU
		{2A1A2AA2-A324-4743-978E-785315E7F519}.Debug|Any CPU.Build.0 = Debug|Any CPU
		{2A1A2AA2-A324-4743-978E-785315E7F519}.Release|Any CPU.ActiveCfg = Release|Any CPU
		{2A1A2AA2-A324-4743-978E-785315E7F519}.Release|Any CPU.Build.0 = Release|Any CPU
	EndGlobalSection
	GlobalSection(SolutionProperties) = preSolution
		HideSolutionNode = FALSE
	EndGlobalSection
	GlobalSection(ExtensibilityGlobals) = postSolution
		SolutionGuid = {C4085EBF-7ED5-40F8-8FC0-7E596F957FB7}
	EndGlobalSection
EndGlobal
